
Microsoft Visual Studio Solution File, Format Version 12.00
# Visual Studio 15
VisualStudioVersion = 15.0.27004.2009
MinimumVisualStudioVersion = 10.0.40219.1
Project("{9A19103F-16F7-4668-BE54-9A1E7A4F7556}") = "IRepository", "IRepository\IRepository.csproj", "{905C0E21-303C-4273-8BBA-562B2A3A2047}"
EndProject
Project("{9A19103F-16F7-4668-BE54-9A1E7A4F7556}") = "Business", "Business\Business.csproj", "{25544C09-30C8-449E-B8D4-4EDE867FAA37}"
EndProject
Project("{9A19103F-16F7-4668-BE54-9A1E7A4F7556}") = "IBusiness", "IBusiness\IBusiness.csproj", "{CE707B25-0282-4AC5-84A4-AAA46FDA289B}"
EndProject
Project("{2150E333-8FDC-42A3-9474-1A3956D46DE8}") = "Api", "Api", "{B7A417CE-8F3A-4C15-9BC6-769FBB05859C}"
EndProject
Project("{2150E333-8FDC-42A3-9474-1A3956D46DE8}") = "DataAccess", "DataAccess", "{5CA27704-7A78-4A52-93B6-32A44AA434C6}"
EndProject
Project("{2150E333-8FDC-42A3-9474-1A3956D46DE8}") = "Business", "Business", "{229ABC27-998A-44EA-8EB5-C66825B4C674}"
EndProject
Project("{2150E333-8FDC-42A3-9474-1A3956D46DE8}") = "Common", "Common", "{692CF44A-B17D-45D6-99B6-FF8C54CC2478}"
EndProject
Project("{9A19103F-16F7-4668-BE54-9A1E7A4F7556}") = "Common", "Common\Common.csproj", "{B48E4673-4F4E-47C8-BD77-525E40AEA20B}"
EndProject
Project("{9A19103F-16F7-4668-BE54-9A1E7A4F7556}") = "Repository.Entities", "Repository.Entities\Repository.Entities.csproj", "{7F953E60-61C9-47DF-B043-0E658A6C692C}"
EndProject
Project("{9A19103F-16F7-4668-BE54-9A1E7A4F7556}") = "Business.Entities", "Business.Entities\Business.Entities.csproj", "{49E2778D-E317-4763-8223-E5633887E1BE}"
EndProject
Project("{9A19103F-16F7-4668-BE54-9A1E7A4F7556}") = "Repository", "Repository\Repository.csproj", "{D17F19EF-9769-4306-A954-86FFE0327067}"
EndProject
Project("{FAE04EC0-301F-11D3-BF4B-00C04F79EFBC}") = "Report.Api", "Report.Api\Report.Api.csproj", "{1F9FFAA0-9DAD-4F75-A6F3-3B206432F593}"
EndProject
Global
	GlobalSection(SolutionConfigurationPlatforms) = preSolution
		Debug|Any CPU = Debug|Any CPU
		Release|Any CPU = Release|Any CPU
	EndGlobalSection
	GlobalSection(ProjectConfigurationPlatforms) = postSolution
		{905C0E21-303C-4273-8BBA-562B2A3A2047}.Debug|Any CPU.ActiveCfg = Debug|Any CPU
		{905C0E21-303C-4273-8BBA-562B2A3A2047}.Debug|Any CPU.Build.0 = Debug|Any CPU
		{905C0E21-303C-4273-8BBA-562B2A3A2047}.Release|Any CPU.ActiveCfg = Release|Any CPU
		{905C0E21-303C-4273-8BBA-562B2A3A2047}.Release|Any CPU.Build.0 = Release|Any CPU
		{25544C09-30C8-449E-B8D4-4EDE867FAA37}.Debug|Any CPU.ActiveCfg = Debug|Any CPU
		{25544C09-30C8-449E-B8D4-4EDE867FAA37}.Debug|Any CPU.Build.0 = Debug|Any CPU
		{25544C09-30C8-449E-B8D4-4EDE867FAA37}.Release|Any CPU.ActiveCfg = Release|Any CPU
		{25544C09-30C8-449E-B8D4-4EDE867FAA37}.Release|Any CPU.Build.0 = Release|Any CPU
		{CE707B25-0282-4AC5-84A4-AAA46FDA289B}.Debug|Any CPU.ActiveCfg = Debug|Any CPU
		{CE707B25-0282-4AC5-84A4-AAA46FDA289B}.Debug|Any CPU.Build.0 = Debug|Any CPU
		{CE707B25-0282-4AC5-84A4-AAA46FDA289B}.Release|Any CPU.ActiveCfg = Release|Any CPU
		{CE707B25-0282-4AC5-84A4-AAA46FDA289B}.Release|Any CPU.Build.0 = Release|Any CPU
		{B48E4673-4F4E-47C8-BD77-525E40AEA20B}.Debug|Any CPU.ActiveCfg = Debug|Any CPU
		{B48E4673-4F4E-47C8-BD77-525E40AEA20B}.Debug|Any CPU.Build.0 = Debug|Any CPU
		{B48E4673-4F4E-47C8-BD77-525E40AEA20B}.Release|Any CPU.ActiveCfg = Release|Any CPU
		{B48E4673-4F4E-47C8-BD77-525E40AEA20B}.Release|Any CPU.Build.0 = Release|Any CPU
		{7F953E60-61C9-47DF-B043-0E658A6C692C}.Debug|Any CPU.ActiveCfg = Debug|Any CPU
		{7F953E60-61C9-47DF-B043-0E658A6C692C}.Debug|Any CPU.Build.0 = Debug|Any CPU
		{7F953E60-61C9-47DF-B043-0E658A6C692C}.Release|Any CPU.ActiveCfg = Release|Any CPU
		{7F953E60-61C9-47DF-B043-0E658A6C692C}.Release|Any CPU.Build.0 = Release|Any CPU
		{49E2778D-E317-4763-8223-E5633887E1BE}.Debug|Any CPU.ActiveCfg = Debug|Any CPU
		{49E2778D-E317-4763-8223-E5633887E1BE}.Debug|Any CPU.Build.0 = Debug|Any CPU
		{49E2778D-E317-4763-8223-E5633887E1BE}.Release|Any CPU.ActiveCfg = Release|Any CPU
		{49E2778D-E317-4763-8223-E5633887E1BE}.Release|Any CPU.Build.0 = Release|Any CPU
		{D17F19EF-9769-4306-A954-86FFE0327067}.Debug|Any CPU.ActiveCfg = Debug|Any CPU
		{D17F19EF-9769-4306-A954-86FFE0327067}.Debug|Any CPU.Build.0 = Debug|Any CPU
		{D17F19EF-9769-4306-A954-86FFE0327067}.Release|Any CPU.ActiveCfg = Release|Any CPU
		{D17F19EF-9769-4306-A954-86FFE0327067}.Release|Any CPU.Build.0 = Release|Any CPU
		{1F9FFAA0-9DAD-4F75-A6F3-3B206432F593}.Debug|Any CPU.ActiveCfg = Debug|Any CPU
		{1F9FFAA0-9DAD-4F75-A6F3-3B206432F593}.Debug|Any CPU.Build.0 = Debug|Any CPU
		{1F9FFAA0-9DAD-4F75-A6F3-3B206432F593}.Release|Any CPU.ActiveCfg = Release|Any CPU
		{1F9FFAA0-9DAD-4F75-A6F3-3B206432F593}.Release|Any CPU.Build.0 = Release|Any CPU
	EndGlobalSection
	GlobalSection(SolutionProperties) = preSolution
		HideSolutionNode = FALSE
	EndGlobalSection
	GlobalSection(NestedProjects) = preSolution
		{905C0E21-303C-4273-8BBA-562B2A3A2047} = {5CA27704-7A78-4A52-93B6-32A44AA434C6}
		{25544C09-30C8-449E-B8D4-4EDE867FAA37} = {229ABC27-998A-44EA-8EB5-C66825B4C674}
		{CE707B25-0282-4AC5-84A4-AAA46FDA289B} = {229ABC27-998A-44EA-8EB5-C66825B4C674}
		{B48E4673-4F4E-47C8-BD77-525E40AEA20B} = {692CF44A-B17D-45D6-99B6-FF8C54CC2478}
		{7F953E60-61C9-47DF-B043-0E658A6C692C} = {5CA27704-7A78-4A52-93B6-32A44AA434C6}
		{49E2778D-E317-4763-8223-E5633887E1BE} = {229ABC27-998A-44EA-8EB5-C66825B4C674}
		{D17F19EF-9769-4306-A954-86FFE0327067} = {5CA27704-7A78-4A52-93B6-32A44AA434C6}
		{1F9FFAA0-9DAD-4F75-A6F3-3B206432F593} = {B7A417CE-8F3A-4C15-9BC6-769FBB05859C}
	EndGlobalSection
	GlobalSection(ExtensibilityGlobals) = postSolution
		SolutionGuid = {31B070E6-F4D5-4955-8E51-8C68D70135BD}
	EndGlobalSection
EndGlobal
